
Microsoft Visual Studio Solution File, Format Version 12.00
Project("{FAE04EC0-301F-11D3-BF4B-00C04F79EFBC}") = "Task4_3", "Task4_3\Task4_3.csproj", "{71D45188-3F3C-4F59-BC01-086F211FBF14}"
EndProject
Global
	GlobalSection(SolutionConfigurationPlatforms) = preSolution
		Debug|Any CPU = Debug|Any CPU
		Release|Any CPU = Release|Any CPU
	EndGlobalSection
	GlobalSection(ProjectConfigurationPlatforms) = postSolution
		{71D45188-3F3C-4F59-BC01-086F211FBF14}.Debug|Any CPU.ActiveCfg = Debug|Any CPU
		{71D45188-3F3C-4F59-BC01-086F211FBF14}.Debug|Any CPU.Build.0 = Debug|Any CPU
		{71D45188-3F3C-4F59-BC01-086F211FBF14}.Release|Any CPU.ActiveCfg = Release|Any CPU
		{71D45188-3F3C-4F59-BC01-086F211FBF14}.Release|Any CPU.Build.0 = Release|Any CPU
	EndGlobalSection
EndGlobal
